
Microsoft Visual Studio Solution File, Format Version 11.00
# Visual Studio 2010
Project("{FAE04EC0-301F-11D3-BF4B-00C04F79EFBC}") = "Assembly-CSharp", "Assembly-CSharp.csproj", "{42541140-B1DA-283D-DCB2-F1EECD39576F}"
EndProject
Project("{FAE04EC0-301F-11D3-BF4B-00C04F79EFBC}") = "Assembly-CSharp-Editor", "Assembly-CSharp-Editor.csproj", "{F59B0277-9F6F-13D9-D67B-03FE66AF0E39}"
EndProject
Global
	GlobalSection(SolutionConfigurationPlatforms) = preSolution
		Debug|Any CPU = Debug|Any CPU
		Release|Any CPU = Release|Any CPU
	EndGlobalSection
	GlobalSection(ProjectConfigurationPlatforms) = postSolution
		{42541140-B1DA-283D-DCB2-F1EECD39576F}.Debug|Any CPU.ActiveCfg = Debug|Any CPU
		{42541140-B1DA-283D-DCB2-F1EECD39576F}.Debug|Any CPU.Build.0 = Debug|Any CPU
		{42541140-B1DA-283D-DCB2-F1EECD39576F}.Release|Any CPU.ActiveCfg = Release|Any CPU
		{42541140-B1DA-283D-DCB2-F1EECD39576F}.Release|Any CPU.Build.0 = Release|Any CPU
		{F59B0277-9F6F-13D9-D67B-03FE66AF0E39}.Debug|Any CPU.ActiveCfg = Debug|Any CPU
		{F59B0277-9F6F-13D9-D67B-03FE66AF0E39}.Debug|Any CPU.Build.0 = Debug|Any CPU
		{F59B0277-9F6F-13D9-D67B-03FE66AF0E39}.Release|Any CPU.ActiveCfg = Release|Any CPU
		{F59B0277-9F6F-13D9-D67B-03FE66AF0E39}.Release|Any CPU.Build.0 = Release|Any CPU
	EndGlobalSection
	GlobalSection(SolutionProperties) = preSolution
		HideSolutionNode = FALSE
	EndGlobalSection
EndGlobal
